// !$*UTF8*$!
{
	archiveVersion = 1;
	classes = {
	};
	objectVersion = 46;
	objects = {

/* Begin PBXBuildFile section */
		297CAB691F72A34800D90F44 /* AppDelegate.swift in Sources */ = {isa = PBXBuildFile; fileRef = 297CAB681F72A34800D90F44 /* AppDelegate.swift */; };
		297CAB6B1F72A34800D90F44 /* ViewController.swift in Sources */ = {isa = PBXBuildFile; fileRef = 297CAB6A1F72A34800D90F44 /* ViewController.swift */; };
		297CAB6E1F72A34800D90F44 /* Main.storyboard in Resources */ = {isa = PBXBuildFile; fileRef = 297CAB6C1F72A34800D90F44 /* Main.storyboard */; };
		297CAB701F72A34800D90F44 /* Assets.xcassets in Resources */ = {isa = PBXBuildFile; fileRef = 297CAB6F1F72A34800D90F44 /* Assets.xcassets */; };
		297CAB731F72A34800D90F44 /* LaunchScreen.storyboard in Resources */ = {isa = PBXBuildFile; fileRef = 297CAB711F72A34800D90F44 /* LaunchScreen.storyboard */; };
		2983CFE91F79323500A8B58B /* Card.swift in Sources */ = {isa = PBXBuildFile; fileRef = 2983CFE81F79323500A8B58B /* Card.swift */; };
		2983CFEB1F7BCE1D00A8B58B /* Deck.swift in Sources */ = {isa = PBXBuildFile; fileRef = 2983CFEA1F7BCE1D00A8B58B /* Deck.swift */; };
		2983CFED1F7BCF4D00A8B58B /* ThreeCardModel.swift in Sources */ = {isa = PBXBuildFile; fileRef = 2983CFEC1F7BCF4D00A8B58B /* ThreeCardModel.swift */; };
/* End PBXBuildFile section */

/* Begin PBXFileReference section */
		297CAB651F72A34800D90F44 /* ThreeCards.app */ = {isa = PBXFileReference; explicitFileType = wrapper.application; includeInIndex = 0; path = ThreeCards.app; sourceTree = BUILT_PRODUCTS_DIR; };
		297CAB681F72A34800D90F44 /* AppDelegate.swift */ = {isa = PBXFileReference; lastKnownFileType = sourcecode.swift; path = AppDelegate.swift; sourceTree = "<group>"; };
		297CAB6A1F72A34800D90F44 /* ViewController.swift */ = {isa = PBXFileReference; lastKnownFileType = sourcecode.swift; path = ViewController.swift; sourceTree = "<group>"; };
		297CAB6D1F72A34800D90F44 /* Base */ = {isa = PBXFileReference; lastKnownFileType = file.storyboard; name = Base; path = Base.lproj/Main.storyboard; sourceTree = "<group>"; };
		297CAB6F1F72A34800D90F44 /* Assets.xcassets */ = {isa = PBXFileReference; lastKnownFileType = folder.assetcatalog; path = Assets.xcassets; sourceTree = "<group>"; };
		297CAB721F72A34800D90F44 /* Base */ = {isa = PBXFileReference; lastKnownFileType = file.storyboard; name = Base; path = Base.lproj/LaunchScreen.storyboard; sourceTree = "<group>"; };
		297CAB741F72A34800D90F44 /* Info.plist */ = {isa = PBXFileReference; lastKnownFileType = text.plist.xml; path = Info.plist; sourceTree = "<group>"; };
		2983CFE81F79323500A8B58B /* Card.swift */ = {isa = PBXFileReference; fileEncoding = 4; lastKnownFileType = sourcecode.swift; path = Card.swift; sourceTree = "<group>"; };
		2983CFEA1F7BCE1D00A8B58B /* Deck.swift */ = {isa = PBXFileReference; fileEncoding = 4; lastKnownFileType = sourcecode.swift; path = Deck.swift; sourceTree = "<group>"; };
		2983CFEC1F7BCF4D00A8B58B /* ThreeCardModel.swift */ = {isa = PBXFileReference; fileEncoding = 4; lastKnownFileType = sourcecode.swift; path = ThreeCardModel.swift; sourceTree = "<group>"; };
/* End PBXFileReference section */

/* Begin PBXFrameworksBuildPhase section */
		297CAB621F72A34800D90F44 /* Frameworks */ = {
			isa = PBXFrameworksBuildPhase;
			buildActionMask = 2147483647;
			files = (
			);
			runOnlyForDeploymentPostprocessing = 0;
		};
/* End PBXFrameworksBuildPhase section */

/* Begin PBXGroup section */
		297CAB5C1F72A34800D90F44 = {
			isa = PBXGroup;
			children = (
				297CAB671F72A34800D90F44 /* ThreeCards */,
				297CAB661F72A34800D90F44 /* Products */,
			);
			sourceTree = "<group>";
		};
		297CAB661F72A34800D90F44 /* Products */ = {
			isa = PBXGroup;
			children = (
				297CAB651F72A34800D90F44 /* ThreeCards.app */,
			);
			name = Products;
			sourceTree = "<group>";
		};
		297CAB671F72A34800D90F44 /* ThreeCards */ = {
			isa = PBXGroup;
			children = (
				297CAB681F72A34800D90F44 /* AppDelegate.swift */,
				297CAB6A1F72A34800D90F44 /* ViewController.swift */,
				297CAB6C1F72A34800D90F44 /* Main.storyboard */,
				297CAB6F1F72A34800D90F44 /* Assets.xcassets */,
				297CAB711F72A34800D90F44 /* LaunchScreen.storyboard */,
				297CAB741F72A34800D90F44 /* Info.plist */,
				2983CFE81F79323500A8B58B /* Card.swift */,
				2983CFEA1F7BCE1D00A8B58B /* Deck.swift */,
				2983CFEC1F7BCF4D00A8B58B /* ThreeCardModel.swift */,
			);
			path = ThreeCards;
			sourceTree = "<group>";
		};
/* End PBXGroup section */

/* Begin PBXNativeTarget section */
		297CAB641F72A34800D90F44 /* ThreeCards */ = {
			isa = PBXNativeTarget;
			buildConfigurationList = 297CAB771F72A34800D90F44 /* Build configuration list for PBXNativeTarget "ThreeCards" */;
			buildPhases = (
				297CAB611F72A34800D90F44 /* Sources */,
				297CAB621F72A34800D90F44 /* Frameworks */,
				297CAB631F72A34800D90F44 /* Resources */,
			);
			buildRules = (
			);
			dependencies = (
			);
			name = ThreeCards;
			productName = ThreeCards;
			productReference = 297CAB651F72A34800D90F44 /* ThreeCards.app */;
			productType = "com.apple.product-type.application";
		};
/* End PBXNativeTarget section */

/* Begin PBXProject section */
		297CAB5D1F72A34800D90F44 /* Project object */ = {
			isa = PBXProject;
			attributes = {
				LastSwiftUpdateCheck = 0830;
				LastUpgradeCheck = 0830;
				ORGANIZATIONNAME = "Joel Hollingsworth";
				TargetAttributes = {
					297CAB641F72A34800D90F44 = {
						CreatedOnToolsVersion = 8.3.3;
						ProvisioningStyle = Automatic;
					};
				};
			};
			buildConfigurationList = 297CAB601F72A34800D90F44 /* Build configuration list for PBXProject "ThreeCards" */;
			compatibilityVersion = "Xcode 3.2";
			developmentRegion = English;
			hasScannedForEncodings = 0;
			knownRegions = (
				en,
				Base,
			);
			mainGroup = 297CAB5C1F72A34800D90F44;
			productRefGroup = 297CAB661F72A34800D90F44 /* Products */;
			projectDirPath = "";
			projectRoot = "";
			targets = (
				297CAB641F72A34800D90F44 /* ThreeCards */,
			);
		};
/* End PBXProject section */

/* Begin PBXResourcesBuildPhase section */
		297CAB631F72A34800D90F44 /* Resources */ = {
			isa = PBXResourcesBuildPhase;
			buildActionMask = 2147483647;
			files = (
				297CAB731F72A34800D90F44 /* LaunchScreen.storyboard in Resources */,
				297CAB701F72A34800D90F44 /* Assets.xcassets in Resources */,
				297CAB6E1F72A34800D90F44 /* Main.storyboard in Resources */,
			);
			runOnlyForDeploymentPostprocessing = 0;
		};
/* End PBXResourcesBuildPhase section */

/* Begin PBXSourcesBuildPhase section */
		297CAB611F72A34800D90F44 /* Sources */ = {
			isa = PBXSourcesBuildPhase;
			buildActionMask = 2147483647;
			files = (
				2983CFEB1F7BCE1D00A8B58B /* Deck.swift in Sources */,
				297CAB6B1F72A34800D90F44 /* ViewController.swift in Sources */,
				2983CFE91F79323500A8B58B /* Card.swift in Sources */,
				297CAB691F72A34800D90F44 /* AppDelegate.swift in Sources */,
				2983CFED1F7BCF4D00A8B58B /* ThreeCardModel.swift in Sources */,
			);
			runOnlyForDeploymentPostprocessing = 0;
		};
/* End PBXSourcesBuildPhase section */

/* Begin PBXVariantGroup section */
		297CAB6C1F72A34800D90F44 /* Main.storyboard */ = {
			isa = PBXVariantGroup;
			children = (
				297CAB6D1F72A34800D90F44 /* Base */,
			);
			name = Main.storyboard;
			sourceTree = "<group>";
		};
		297CAB711F72A34800D90F44 /* LaunchScreen.storyboard */ = {
			isa = PBXVariantGroup;
			children = (
				297CAB721F72A34800D90F44 /* Base */,
			);
			name = LaunchScreen.storyboard;
			sourceTree = "<group>";
		};
/* End PBXVariantGroup section */

/* Begin XCBuildConfiguration section */
		297CAB751F72A34800D90F44 /* Debug */ = {
			isa = XCBuildConfiguration;
			buildSettings = {
				ALWAYS_SEARCH_USER_PATHS = NO;
				CLANG_ANALYZER_NONNULL = YES;
				CLANG_ANALYZER_NUMBER_OBJECT_CONVERSION = YES_AGGRESSIVE;
				CLANG_CXX_LANGUAGE_STANDARD = "gnu++0x";
				CLANG_CXX_LIBRARY = "libc++";
				CLANG_ENABLE_MODULES = YES;
				CLANG_ENABLE_OBJC_ARC = YES;
				CLANG_WARN_BOOL_CONVERSION = YES;
				CLANG_WARN_CONSTANT_CONVERSION = YES;
				CLANG_WARN_DIRECT_OBJC_ISA_USAGE = YES_ERROR;
				CLANG_WARN_DOCUMENTATION_COMMENTS = YES;
				CLANG_WARN_EMPTY_BODY = YES;
				CLANG_WARN_ENUM_CONVERSION = YES;
				CLANG_WARN_INFINITE_RECURSION = YES;
				CLANG_WARN_INT_CONVERSION = YES;
				CLANG_WARN_OBJC_ROOT_CLASS = YES_ERROR;
				CLANG_WARN_SUSPICIOUS_MOVE = YES;
				CLANG_WARN_UNREACHABLE_CODE = YES;
				CLANG_WARN__DUPLICATE_METHOD_MATCH = YES;
				"CODE_SIGN_IDENTITY[sdk=iphoneos*]" = "iPhone Developer";
				COPY_PHASE_STRIP = NO;
				DEBUG_INFORMATION_FORMAT = dwarf;
				ENABLE_STRICT_OBJC_MSGSEND = YES;
				ENABLE_TESTABILITY = YES;
				GCC_C_LANGUAGE_STANDARD = gnu99;
				GCC_DYNAMIC_NO_PIC = NO;
				GCC_NO_COMMON_BLOCKS = YES;
				GCC_OPTIMIZATION_LEVEL = 0;
				GCC_PREPROCESSOR_DEFINITIONS = (
					"DEBUG=1",
					"$(inherited)",
				);
				GCC_WARN_64_TO_32_BIT_CONVERSION = YES;
				GCC_WARN_ABOUT_RETURN_TYPE = YES_ERROR;
				GCC_WARN_UNDECLARED_SELECTOR = YES;
				GCC_WARN_UNINITIALIZED_AUTOS = YES_AGGRESSIVE;
				GCC_WARN_UNUSED_FUNCTION = YES;
				GCC_WARN_UNUSED_VARIABLE = YES;
				IPHONEOS_DEPLOYMENT_TARGET = 10.3;
				MTL_ENABLE_DEBUG_INFO = YES;
				ONLY_ACTIVE_ARCH = YES;
				SDKROOT = iphoneos;
				SWIFT_ACTIVE_COMPILATION_CONDITIONS = DEBUG;
				SWIFT_OPTIMIZATION_LEVEL = "-Onone";
				TARGETED_DEVICE_FAMILY = "1,2";
			};
			name = Debug;
		};
		297CAB761F72A34800D90F44 /* Release */ = {
			isa = XCBuildConfiguration;
			buildSettings = {
				ALWAYS_SEARCH_USER_PATHS = NO;
				CLANG_ANALYZER_NONNULL = YES;
				CLANG_ANALYZER_NUMBER_OBJECT_CONVERSION = YES_AGGRESSIVE;
				CLANG_CXX_LANGUAGE_STANDARD = "gnu++0x";
				CLANG_CXX_LIBRARY = "libc++";
				CLANG_ENABLE_MODULES = YES;
				CLANG_ENABLE_OBJC_ARC = YES;
				CLANG_WARN_BOOL_CONVERSION = YES;
				CLANG_WARN_CONSTANT_CONVERSION = YES;
				CLANG_WARN_DIRECT_OBJC_ISA_USAGE = YES_ERROR;
				CLANG_WARN_DOCUMENTATION_COMMENTS = YES;
				CLANG_WARN_EMPTY_BODY = YES;
				CLANG_WARN_ENUM_CONVERSION = YES;
				CLANG_WARN_INFINITE_RECURSION = YES;
				CLANG_WARN_INT_CONVERSION = YES;
				CLANG_WARN_OBJC_ROOT_CLASS = YES_ERROR;
				CLANG_WARN_SUSPICIOUS_MOVE = YES;
				CLANG_WARN_UNREACHABLE_CODE = YES;
				CLANG_WARN__DUPLICATE_METHOD_MATCH = YES;
				"CODE_SIGN_IDENTITY[sdk=iphoneos*]" = "iPhone Developer";
				COPY_PHASE_STRIP = NO;
				DEBUG_INFORMATION_FORMAT = "dwarf-with-dsym";
				ENABLE_NS_ASSERTIONS = NO;
				ENABLE_STRICT_OBJC_MSGSEND = YES;
				GCC_C_LANGUAGE_STANDARD = gnu99;
				GCC_NO_COMMON_BLOCKS = YES;
				GCC_WARN_64_TO_32_BIT_CONVERSION = YES;
				GCC_WARN_ABOUT_RETURN_TYPE = YES_ERROR;
				GCC_WARN_UNDECLARED_SELECTOR = YES;
				GCC_WARN_UNINITIALIZED_AUTOS = YES_AGGRESSIVE;
				GCC_WARN_UNUSED_FUNCTION = YES;
				GCC_WARN_UNUSED_VARIABLE = YES;
				IPHONEOS_DEPLOYMENT_TARGET = 10.3;
				MTL_ENABLE_DEBUG_INFO = NO;
				SDKROOT = iphoneos;
				SWIFT_OPTIMIZATION_LEVEL = "-Owholemodule";
				TARGETED_DEVICE_FAMILY = "1,2";
				VALIDATE_PRODUCT = YES;
			};
			name = Release;
		};
		297CAB781F72A34800D90F44 /* Debug */ = {
			isa = XCBuildConfiguration;
			buildSettings = {
				ASSETCATALOG_COMPILER_APPICON_NAME = AppIcon;
				INFOPLIST_FILE = ThreeCards/Info.plist;
				LD_RUNPATH_SEARCH_PATHS = "$(inherited) @executable_path/Frameworks";
				PRODUCT_BUNDLE_IDENTIFIER = edu.elon.cs.ThreeCards;
				PRODUCT_NAME = "$(TARGET_NAME)";
				SWIFT_VERSION = 3.0;
			};
			name = Debug;
		};
		297CAB791F72A34800D90F44 /* Release */ = {
			isa = XCBuildConfiguration;
			buildSettings = {
				ASSETCATALOG_COMPILER_APPICON_NAME = AppIcon;
				INFOPLIST_FILE = ThreeCards/Info.plist;
				LD_RUNPATH_SEARCH_PATHS = "$(inherited) @executable_path/Frameworks";
				PRODUCT_BUNDLE_IDENTIFIER = edu.elon.cs.ThreeCards;
				PRODUCT_NAME = "$(TARGET_NAME)";
				SWIFT_VERSION = 3.0;
			};
			name = Release;
		};
/* End XCBuildConfiguration section */

/* Begin XCConfigurationList section */
		297CAB601F72A34800D90F44 /* Build configuration list for PBXProject "ThreeCards" */ = {
			isa = XCConfigurationList;
			buildConfigurations = (
				297CAB751F72A34800D90F44 /* Debug */,
				297CAB761F72A34800D90F44 /* Release */,
			);
			defaultConfigurationIsVisible = 0;
			defaultConfigurationName = Release;
		};
		297CAB771F72A34800D90F44 /* Build configuration list for PBXNativeTarget "ThreeCards" */ = {
			isa = XCConfigurationList;
			buildConfigurations = (
				297CAB781F72A34800D90F44 /* Debug */,
				297CAB791F72A34800D90F44 /* Release */,
			);
			defaultConfigurationIsVisible = 0;
			defaultConfigurationName = Release;
		};
/* End XCConfigurationList section */
	};
	rootObject = 297CAB5D1F72A34800D90F44 /* Project object */;
}
